{
    "_readme": [
        "This file locks the dependencies of your project to a known state",
        "Read more about it at https://getcomposer.org/doc/01-basic-usage.md#composer-lock-the-lock-file",
        "This file is @generated automatically"
    ],
    "hash": "4ecb96469a85855db882d912871fcea1",
    "content-hash": "da44e773a787c00073268f1b99eca87e",
    "packages": [
        {
            "name": "barnabywalters/mf-cleaner",
            "version": "v0.1.4",
            "source": {
                "type": "git",
                "url": "https://github.com/barnabywalters/php-mf-cleaner.git",
                "reference": "ef6a16628db6e8aee2b4f8bb8093d18c24b74cd4"
            },
            "dist": {
                "type": "zip",
                "url": "https://api.github.com/repos/barnabywalters/php-mf-cleaner/zipball/ef6a16628db6e8aee2b4f8bb8093d18c24b74cd4",
                "reference": "ef6a16628db6e8aee2b4f8bb8093d18c24b74cd4",
                "shasum": ""
            },
            "require-dev": {
                "php": ">=5.3",
                "phpunit/phpunit": "*"
            },
            "suggest": {
                "mf2/mf2": "To parse microformats2 structures from (X)HTML"
            },
            "type": "library",
            "autoload": {
                "files": [
                    "src/BarnabyWalters/Mf2/Functions.php"
                ]
            },
            "notification-url": "https://packagist.org/downloads/",
            "license": [
                "MIT"
            ],
            "authors": [
                {
                    "name": "Barnaby Walters",
                    "email": "barnaby@waterpigs.co.uk"
                }
            ],
            "description": "Cleans up microformats2 array structures",
            "time": "2014-10-06 23:11:15"
        },
        {
            "name": "indieweb/link-rel-parser",
            "version": "0.1.1",
            "source": {
                "type": "git",
                "url": "https://github.com/indieweb/link-rel-parser-php.git",
                "reference": "9e0e635fd301a8b1da7bc181f651f029c531dbb6"
            },
            "dist": {
                "type": "zip",
                "url": "https://api.github.com/repos/indieweb/link-rel-parser-php/zipball/9e0e635fd301a8b1da7bc181f651f029c531dbb6",
                "reference": "9e0e635fd301a8b1da7bc181f651f029c531dbb6",
                "shasum": ""
            },
            "require": {
                "php": ">=5.3.0"
            },
            "type": "library",
            "autoload": {
                "files": [
                    "src/IndieWeb/link_rel_parser.php"
                ]
            },
            "notification-url": "https://packagist.org/downloads/",
            "license": [
                "Apache-2.0"
            ],
            "authors": [
                {
                    "name": "Aaron Parecki",
                    "homepage": "http://aaronparecki.com"
                },
                {
                    "name": "Tantek Çelik",
                    "homepage": "http://tantek.com"
                }
            ],
            "description": "Parse rel values from HTTP headers",
            "homepage": "https://github.com/indieweb/link-rel-parser-php",
            "keywords": [
                "http",
                "indieweb",
                "microformats2"
            ],
            "time": "2013-12-23 00:14:58"
        },
        {
            "name": "mf2/mf2",
            "version": "v0.3.0",
            "source": {
                "type": "git",
                "url": "https://github.com/indieweb/php-mf2.git",
                "reference": "4fb2eb5365cbc0fd2e0c26ca748777d6c2539763"
            },
            "dist": {
                "type": "zip",
                "url": "https://api.github.com/repos/indieweb/php-mf2/zipball/4fb2eb5365cbc0fd2e0c26ca748777d6c2539763",
                "reference": "4fb2eb5365cbc0fd2e0c26ca748777d6c2539763",
                "shasum": ""
            },
            "require": {
                "php": ">=5.4.0"
            },
            "require-dev": {
                "phpunit/phpunit": "3.7.*"
            },
            "suggest": {
                "barnabywalters/mf-cleaner": "To more easily handle the canonical data php-mf2 gives you"
            },
            "bin": [
                "bin/fetch-mf2",
                "bin/parse-mf2"
            ],
            "type": "library",
            "autoload": {
                "files": [
                    "Mf2/Parser.php"
                ]
            },
            "notification-url": "https://packagist.org/downloads/",
            "license": [
                "CC0"
            ],
            "authors": [
                {
                    "name": "Barnaby Walters",
                    "homepage": "http://waterpigs.co.uk"
                }
            ],
            "description": "A pure, generic microformats2 parser — makes HTML as easy to consume as a JSON API",
            "keywords": [
                "html",
                "microformats",
                "microformats 2",
                "parser",
                "semantic"
            ],
            "time": "2016-03-14 12:13:34"
        }
    ],
    "packages-dev": [],
    "aliases": [],
    "minimum-stability": "stable",
    "stability-flags": [],
    "prefer-stable": false,
    "prefer-lowest": false,
    "platform": {
        "php": ">5.3.0"
    },
    "platform-dev": []
}
